
Microsoft Visual Studio Solution File, Format Version 12.00
# Visual Studio Version 16
VisualStudioVersion = 16.0.29025.244
MinimumVisualStudioVersion = 10.0.40219.1
Project("{9A19103F-16F7-4668-BE54-9A1E7A4F7556}") = "Zero.Web.Host", "src\Zero.Web.Host\Zero.Web.Host.csproj", "{9FC37C62-2105-4D32-9724-7323B959504B}"
EndProject
Project("{9A19103F-16F7-4668-BE54-9A1E7A4F7556}") = "Zero.Core", "src\Zero.Core\Zero.Core.csproj", "{0FA75A5B-AB83-4FD0-B545-279774C01E87}"
EndProject
Project("{9A19103F-16F7-4668-BE54-9A1E7A4F7556}") = "Zero.Application", "src\Zero.Application\Zero.Application.csproj", "{3870C648-4AEA-4B85-BA3F-F2F63B96136A}"
EndProject
Project("{9A19103F-16F7-4668-BE54-9A1E7A4F7556}") = "Zero.Migrator", "src\Zero.Migrator\Zero.Migrator.csproj", "{7CAD3713-812A-4DE1-BDE3-59225B1E430A}"
EndProject
Project("{9A19103F-16F7-4668-BE54-9A1E7A4F7556}") = "Zero.Web.Core", "src\Zero.Web.Core\Zero.Web.Core.csproj", "{0F0E141D-2626-4114-9805-3AFD8275A6B0}"
EndProject
Project("{9A19103F-16F7-4668-BE54-9A1E7A4F7556}") = "Zero.EntityFrameworkCore", "src\Zero.EntityFrameworkCore\Zero.EntityFrameworkCore.csproj", "{A229F7D5-EE83-462E-8642-E9A2D5EA90FE}"
EndProject
Project("{9A19103F-16F7-4668-BE54-9A1E7A4F7556}") = "Zero.Application.Shared", "src\Zero.Application.Shared\Zero.Application.Shared.csproj", "{6143A90B-6C2A-4683-8A3A-4D48702770EA}"
EndProject
Project("{9A19103F-16F7-4668-BE54-9A1E7A4F7556}") = "Zero.Core.Shared", "src\Zero.Core.Shared\Zero.Core.Shared.csproj", "{4D6603C1-F7D6-4681-97F8-69B4BBBC0536}"
EndProject
Project("{9A19103F-16F7-4668-BE54-9A1E7A4F7556}") = "Zero.GraphQL", "src\Zero.GraphQL\Zero.GraphQL.csproj", "{06BE6AD3-3D14-4D0B-935A-4228C7904A9D}"
EndProject
Project("{2150E333-8FDC-42A3-9474-1A3956D46DE8}") = "Data", "Data", "{DE49B92E-65BA-4B3C-93AA-3091B6BF149E}"
EndProject
Project("{2150E333-8FDC-42A3-9474-1A3956D46DE8}") = "Abp", "Abp", "{555B43A3-DD82-4E11-9202-772664513022}"
EndProject
Project("{2150E333-8FDC-42A3-9474-1A3956D46DE8}") = "Web", "Web", "{4259F66B-C68E-4B60-90B3-E16046E8D5AF}"
EndProject
Project("{2150E333-8FDC-42A3-9474-1A3956D46DE8}") = "Customize", "Customize", "{5E9086D4-B2FD-453E-81EE-DAC24530FBB2}"
EndProject
Project("{2150E333-8FDC-42A3-9474-1A3956D46DE8}") = "CCB", "CCB", "{9B6600B7-7023-4D59-A2A9-A2ADC09DF8EC}"
EndProject
Project("{FAE04EC0-301F-11D3-BF4B-00C04F79EFBC}") = "CCB.Application", "customize\CCB\CCB.Application\CCB.Application.csproj", "{271A67BD-633C-4A41-8801-3D79E55064A9}"
EndProject
Project("{FAE04EC0-301F-11D3-BF4B-00C04F79EFBC}") = "CCB.Application.Shared", "customize\CCB\CCB.Application.Shared\CCB.Application.Shared.csproj", "{78A416A7-E65E-4D23-B080-B13F1F5ED9B2}"
EndProject
Project("{FAE04EC0-301F-11D3-BF4B-00C04F79EFBC}") = "CCB.Core", "customize\CCB\CCB.Core\CCB.Core.csproj", "{C84B0596-33E7-4A60-A4BF-82AA31AD9157}"
EndProject
Project("{FAE04EC0-301F-11D3-BF4B-00C04F79EFBC}") = "CCB.Core.Shared", "customize\CCB\CCB.Core.Shared\CCB.Core.Shared.csproj", "{ED618D75-2859-410B-8C3C-82B260DE1D71}"
EndProject
Global
	GlobalSection(SolutionConfigurationPlatforms) = preSolution
		Debug|Any CPU = Debug|Any CPU
		Release|Any CPU = Release|Any CPU
	EndGlobalSection
	GlobalSection(ProjectConfigurationPlatforms) = postSolution
		{9FC37C62-2105-4D32-9724-7323B959504B}.Debug|Any CPU.ActiveCfg = Debug|Any CPU
		{9FC37C62-2105-4D32-9724-7323B959504B}.Debug|Any CPU.Build.0 = Debug|Any CPU
		{9FC37C62-2105-4D32-9724-7323B959504B}.Release|Any CPU.ActiveCfg = Release|Any CPU
		{9FC37C62-2105-4D32-9724-7323B959504B}.Release|Any CPU.Build.0 = Release|Any CPU
		{0FA75A5B-AB83-4FD0-B545-279774C01E87}.Debug|Any CPU.ActiveCfg = Debug|Any CPU
		{0FA75A5B-AB83-4FD0-B545-279774C01E87}.Debug|Any CPU.Build.0 = Debug|Any CPU
		{0FA75A5B-AB83-4FD0-B545-279774C01E87}.Release|Any CPU.ActiveCfg = Release|Any CPU
		{0FA75A5B-AB83-4FD0-B545-279774C01E87}.Release|Any CPU.Build.0 = Release|Any CPU
		{3870C648-4AEA-4B85-BA3F-F2F63B96136A}.Debug|Any CPU.ActiveCfg = Debug|Any CPU
		{3870C648-4AEA-4B85-BA3F-F2F63B96136A}.Debug|Any CPU.Build.0 = Debug|Any CPU
		{3870C648-4AEA-4B85-BA3F-F2F63B96136A}.Release|Any CPU.ActiveCfg = Release|Any CPU
		{3870C648-4AEA-4B85-BA3F-F2F63B96136A}.Release|Any CPU.Build.0 = Release|Any CPU
		{7CAD3713-812A-4DE1-BDE3-59225B1E430A}.Debug|Any CPU.ActiveCfg = Debug|Any CPU
		{7CAD3713-812A-4DE1-BDE3-59225B1E430A}.Debug|Any CPU.Build.0 = Debug|Any CPU
		{7CAD3713-812A-4DE1-BDE3-59225B1E430A}.Release|Any CPU.ActiveCfg = Release|Any CPU
		{7CAD3713-812A-4DE1-BDE3-59225B1E430A}.Release|Any CPU.Build.0 = Release|Any CPU
		{0F0E141D-2626-4114-9805-3AFD8275A6B0}.Debug|Any CPU.ActiveCfg = Debug|Any CPU
		{0F0E141D-2626-4114-9805-3AFD8275A6B0}.Debug|Any CPU.Build.0 = Debug|Any CPU
		{0F0E141D-2626-4114-9805-3AFD8275A6B0}.Release|Any CPU.ActiveCfg = Release|Any CPU
		{0F0E141D-2626-4114-9805-3AFD8275A6B0}.Release|Any CPU.Build.0 = Release|Any CPU
		{A229F7D5-EE83-462E-8642-E9A2D5EA90FE}.Debug|Any CPU.ActiveCfg = Debug|Any CPU
		{A229F7D5-EE83-462E-8642-E9A2D5EA90FE}.Debug|Any CPU.Build.0 = Debug|Any CPU
		{A229F7D5-EE83-462E-8642-E9A2D5EA90FE}.Release|Any CPU.ActiveCfg = Release|Any CPU
		{A229F7D5-EE83-462E-8642-E9A2D5EA90FE}.Release|Any CPU.Build.0 = Release|Any CPU
		{6143A90B-6C2A-4683-8A3A-4D48702770EA}.Debug|Any CPU.ActiveCfg = Debug|Any CPU
		{6143A90B-6C2A-4683-8A3A-4D48702770EA}.Debug|Any CPU.Build.0 = Debug|Any CPU
		{6143A90B-6C2A-4683-8A3A-4D48702770EA}.Release|Any CPU.ActiveCfg = Release|Any CPU
		{6143A90B-6C2A-4683-8A3A-4D48702770EA}.Release|Any CPU.Build.0 = Release|Any CPU
		{4D6603C1-F7D6-4681-97F8-69B4BBBC0536}.Debug|Any CPU.ActiveCfg = Debug|Any CPU
		{4D6603C1-F7D6-4681-97F8-69B4BBBC0536}.Debug|Any CPU.Build.0 = Debug|Any CPU
		{4D6603C1-F7D6-4681-97F8-69B4BBBC0536}.Release|Any CPU.ActiveCfg = Release|Any CPU
		{4D6603C1-F7D6-4681-97F8-69B4BBBC0536}.Release|Any CPU.Build.0 = Release|Any CPU
		{06BE6AD3-3D14-4D0B-935A-4228C7904A9D}.Debug|Any CPU.ActiveCfg = Debug|Any CPU
		{06BE6AD3-3D14-4D0B-935A-4228C7904A9D}.Debug|Any CPU.Build.0 = Debug|Any CPU
		{06BE6AD3-3D14-4D0B-935A-4228C7904A9D}.Release|Any CPU.ActiveCfg = Release|Any CPU
		{06BE6AD3-3D14-4D0B-935A-4228C7904A9D}.Release|Any CPU.Build.0 = Release|Any CPU
		{271A67BD-633C-4A41-8801-3D79E55064A9}.Debug|Any CPU.ActiveCfg = Debug|Any CPU
		{271A67BD-633C-4A41-8801-3D79E55064A9}.Debug|Any CPU.Build.0 = Debug|Any CPU
		{271A67BD-633C-4A41-8801-3D79E55064A9}.Release|Any CPU.ActiveCfg = Release|Any CPU
		{271A67BD-633C-4A41-8801-3D79E55064A9}.Release|Any CPU.Build.0 = Release|Any CPU
		{78A416A7-E65E-4D23-B080-B13F1F5ED9B2}.Debug|Any CPU.ActiveCfg = Debug|Any CPU
		{78A416A7-E65E-4D23-B080-B13F1F5ED9B2}.Debug|Any CPU.Build.0 = Debug|Any CPU
		{78A416A7-E65E-4D23-B080-B13F1F5ED9B2}.Release|Any CPU.ActiveCfg = Release|Any CPU
		{78A416A7-E65E-4D23-B080-B13F1F5ED9B2}.Release|Any CPU.Build.0 = Release|Any CPU
		{C84B0596-33E7-4A60-A4BF-82AA31AD9157}.Debug|Any CPU.ActiveCfg = Debug|Any CPU
		{C84B0596-33E7-4A60-A4BF-82AA31AD9157}.Debug|Any CPU.Build.0 = Debug|Any CPU
		{C84B0596-33E7-4A60-A4BF-82AA31AD9157}.Release|Any CPU.ActiveCfg = Release|Any CPU
		{C84B0596-33E7-4A60-A4BF-82AA31AD9157}.Release|Any CPU.Build.0 = Release|Any CPU
		{ED618D75-2859-410B-8C3C-82B260DE1D71}.Debug|Any CPU.ActiveCfg = Debug|Any CPU
		{ED618D75-2859-410B-8C3C-82B260DE1D71}.Debug|Any CPU.Build.0 = Debug|Any CPU
		{ED618D75-2859-410B-8C3C-82B260DE1D71}.Release|Any CPU.ActiveCfg = Release|Any CPU
		{ED618D75-2859-410B-8C3C-82B260DE1D71}.Release|Any CPU.Build.0 = Release|Any CPU
	EndGlobalSection
	GlobalSection(SolutionProperties) = preSolution
		HideSolutionNode = FALSE
	EndGlobalSection
	GlobalSection(NestedProjects) = preSolution
		{A229F7D5-EE83-462E-8642-E9A2D5EA90FE} = {DE49B92E-65BA-4B3C-93AA-3091B6BF149E}
		{7CAD3713-812A-4DE1-BDE3-59225B1E430A} = {DE49B92E-65BA-4B3C-93AA-3091B6BF149E}
		{3870C648-4AEA-4B85-BA3F-F2F63B96136A} = {555B43A3-DD82-4E11-9202-772664513022}
		{6143A90B-6C2A-4683-8A3A-4D48702770EA} = {555B43A3-DD82-4E11-9202-772664513022}
		{0FA75A5B-AB83-4FD0-B545-279774C01E87} = {555B43A3-DD82-4E11-9202-772664513022}
		{4D6603C1-F7D6-4681-97F8-69B4BBBC0536} = {555B43A3-DD82-4E11-9202-772664513022}
		{06BE6AD3-3D14-4D0B-935A-4228C7904A9D} = {555B43A3-DD82-4E11-9202-772664513022}
		{9FC37C62-2105-4D32-9724-7323B959504B} = {4259F66B-C68E-4B60-90B3-E16046E8D5AF}
		{0F0E141D-2626-4114-9805-3AFD8275A6B0} = {4259F66B-C68E-4B60-90B3-E16046E8D5AF}
		{9B6600B7-7023-4D59-A2A9-A2ADC09DF8EC} = {5E9086D4-B2FD-453E-81EE-DAC24530FBB2}
		{271A67BD-633C-4A41-8801-3D79E55064A9} = {9B6600B7-7023-4D59-A2A9-A2ADC09DF8EC}
		{78A416A7-E65E-4D23-B080-B13F1F5ED9B2} = {9B6600B7-7023-4D59-A2A9-A2ADC09DF8EC}
		{C84B0596-33E7-4A60-A4BF-82AA31AD9157} = {9B6600B7-7023-4D59-A2A9-A2ADC09DF8EC}
		{ED618D75-2859-410B-8C3C-82B260DE1D71} = {9B6600B7-7023-4D59-A2A9-A2ADC09DF8EC}
	EndGlobalSection
	GlobalSection(ExtensibilityGlobals) = postSolution
		SolutionGuid = {23CD4D4B-B131-473D-9ECB-5DD96E739671}
	EndGlobalSection
EndGlobal
